
Microsoft Visual Studio Solution File, Format Version 12.00
# Visual Studio Version 16
VisualStudioVersion = 16.0.30907.101
MinimumVisualStudioVersion = 10.0.40219.1
Project("{9A19103F-16F7-4668-BE54-9A1E7A4F7556}") = "Entities", "Entities\Entities.csproj", "{FE3F05BE-8488-492B-881E-C2EE046024AA}"
EndProject
Project("{9A19103F-16F7-4668-BE54-9A1E7A4F7556}") = "DataAccess", "DataAccess\DataAccess.csproj", "{8C88255D-4130-44B1-A11A-4200AF24A999}"
EndProject
Project("{9A19103F-16F7-4668-BE54-9A1E7A4F7556}") = "Business", "Business\Business.csproj", "{504948FC-F557-4694-BADA-1D25003EEA8D}"
EndProject
Project("{9A19103F-16F7-4668-BE54-9A1E7A4F7556}") = "ConsoleUI", "ConsoleUI\ConsoleUI.csproj", "{F16274BE-520E-40E3-951A-77A6B59C9EB2}"
EndProject
Project("{9A19103F-16F7-4668-BE54-9A1E7A4F7556}") = "Core", "Core\Core.csproj", "{D879A28A-5729-4386-B57A-E1EF743B9AE5}"
EndProject
Project("{FAE04EC0-301F-11D3-BF4B-00C04F79EFBC}") = "WebAPI", "WebAPI\WebAPI.csproj", "{79F06E6A-61ED-437F-A210-37B0EAAD1FB6}"
EndProject
Global
	GlobalSection(SolutionConfigurationPlatforms) = preSolution
		Debug|Any CPU = Debug|Any CPU
		Release|Any CPU = Release|Any CPU
	EndGlobalSection
	GlobalSection(ProjectConfigurationPlatforms) = postSolution
		{FE3F05BE-8488-492B-881E-C2EE046024AA}.Debug|Any CPU.ActiveCfg = Debug|Any CPU
		{FE3F05BE-8488-492B-881E-C2EE046024AA}.Debug|Any CPU.Build.0 = Debug|Any CPU
		{FE3F05BE-8488-492B-881E-C2EE046024AA}.Release|Any CPU.ActiveCfg = Release|Any CPU
		{FE3F05BE-8488-492B-881E-C2EE046024AA}.Release|Any CPU.Build.0 = Release|Any CPU
		{8C88255D-4130-44B1-A11A-4200AF24A999}.Debug|Any CPU.ActiveCfg = Debug|Any CPU
		{8C88255D-4130-44B1-A11A-4200AF24A999}.Debug|Any CPU.Build.0 = Debug|Any CPU
		{8C88255D-4130-44B1-A11A-4200AF24A999}.Release|Any CPU.ActiveCfg = Release|Any CPU
		{8C88255D-4130-44B1-A11A-4200AF24A999}.Release|Any CPU.Build.0 = Release|Any CPU
		{504948FC-F557-4694-BADA-1D25003EEA8D}.Debug|Any CPU.ActiveCfg = Debug|Any CPU
		{504948FC-F557-4694-BADA-1D25003EEA8D}.Debug|Any CPU.Build.0 = Debug|Any CPU
		{504948FC-F557-4694-BADA-1D25003EEA8D}.Release|Any CPU.ActiveCfg = Release|Any CPU
		{504948FC-F557-4694-BADA-1D25003EEA8D}.Release|Any CPU.Build.0 = Release|Any CPU
		{F16274BE-520E-40E3-951A-77A6B59C9EB2}.Debug|Any CPU.ActiveCfg = Debug|Any CPU
		{F16274BE-520E-40E3-951A-77A6B59C9EB2}.Debug|Any CPU.Build.0 = Debug|Any CPU
		{F16274BE-520E-40E3-951A-77A6B59C9EB2}.Release|Any CPU.ActiveCfg = Release|Any CPU
		{F16274BE-520E-40E3-951A-77A6B59C9EB2}.Release|Any CPU.Build.0 = Release|Any CPU
		{D879A28A-5729-4386-B57A-E1EF743B9AE5}.Debug|Any CPU.ActiveCfg = Debug|Any CPU
		{D879A28A-5729-4386-B57A-E1EF743B9AE5}.Debug|Any CPU.Build.0 = Debug|Any CPU
		{D879A28A-5729-4386-B57A-E1EF743B9AE5}.Release|Any CPU.ActiveCfg = Release|Any CPU
		{D879A28A-5729-4386-B57A-E1EF743B9AE5}.Release|Any CPU.Build.0 = Release|Any CPU
		{79F06E6A-61ED-437F-A210-37B0EAAD1FB6}.Debug|Any CPU.ActiveCfg = Debug|Any CPU
		{79F06E6A-61ED-437F-A210-37B0EAAD1FB6}.Debug|Any CPU.Build.0 = Debug|Any CPU
		{79F06E6A-61ED-437F-A210-37B0EAAD1FB6}.Release|Any CPU.ActiveCfg = Release|Any CPU
		{79F06E6A-61ED-437F-A210-37B0EAAD1FB6}.Release|Any CPU.Build.0 = Release|Any CPU
	EndGlobalSection
	GlobalSection(SolutionProperties) = preSolution
		HideSolutionNode = FALSE
	EndGlobalSection
	GlobalSection(ExtensibilityGlobals) = postSolution
		SolutionGuid = {263B50A4-0E7F-4556-8CA8-D6C0F6BAB352}
	EndGlobalSection
EndGlobal
